<?xml version="1.0" encoding="utf-8"?>
<Project ToolsVersion="4.0" xmlns="http://schemas.microsoft.com/developer/msbuild/2003">
  <ItemGroup>
    <Filter Include="Source Files">
      <UniqueIdentifier>{4FC737F1-C7A5-4376-A066-2A32D752A2FF}</UniqueIdentifier>
      <Extensions>cpp;c;cc;cxx;c++;cppm;ixx;def;odl;idl;hpj;bat;asm;asmx</Extensions>
    </Filter>
    <Filter Include="Header Files">
      <UniqueIdentifier>{93995380-89BD-4b04-88EB-625FBE52EBFB}</UniqueIdentifier>
      <Extensions>h;hh;hpp;hxx;h++;hm;inl;inc;ipp;xsd</Extensions>
    </Filter>
    <Filter Include="Resource Files">
      <UniqueIdentifier>{67DA6AB6-F800-4c08-8B7A-83BB121AAD01}</UniqueIdentifier>
      <Extensions>rc;ico;cur;bmp;dlg;rc2;rct;bin;rgs;gif;jpg;jpeg;jpe;resx;tiff;tif;png;wav;mfcribbon-ms</Extensions>
    </Filter>
  </ItemGroup>
  <ItemGroup>
    <ClCompile Include="Engine\MainApplication.cpp">
      <Filter>Source Files</Filter>
    </ClCompile>
    <ClCompile Include="vendor\glad\src\glad.c">
      <Filter>Source Files</Filter>
    </ClCompile>
    <ClCompile Include="Engine\Core\Engine\Engine.cpp">
      <Filter>Source Files</Filter>
    </ClCompile>
    <ClCompile Include="Engine\Core\Input\Input.cpp">
      <Filter>Source Files</Filter>
    </ClCompile>
    <ClCompile Include="Engine\Core\Events\EventHandler.cpp">
      <Filter>Source Files</Filter>
    </ClCompile>
    <ClCompile Include="Engine\Core\Time\Time.cpp">
      <Filter>Source Files</Filter>
    </ClCompile>
    <ClCompile Include="Engine\Systems\TransformSystem\TransformSystem.h">
      <Filter>Source Files</Filter>
    </ClCompile>
    <ClCompile Include="Engine\Rendering\Mesh\MeshPool.cpp">
      <Filter>Source Files</Filter>
    </ClCompile>
    <ClCompile Include="Engine\Rendering\Shader\ShaderLibrary.cpp">
      <Filter>Source Files</Filter>
    </ClCompile>
    <ClCompile Include="Engine\Systems\TransformSystem\TransformSystem.cpp">
      <Filter>Source Files</Filter>
    </ClCompile>
    <ClCompile Include="Engine\Systems\RenderSystem\RenderSystem.cpp">
      <Filter>Source Files</Filter>
    </ClCompile>
    <ClCompile Include="Engine\Core\Scenes\ExamplePhysicsScene.cpp">
      <Filter>Source Files</Filter>
    </ClCompile>
    <ClCompile Include="Engine\Systems\CameraSystem\CameraSystem.cpp">
      <Filter>Source Files</Filter>
    </ClCompile>
    <ClCompile Include="Engine\Rendering\Camera\Camera.cpp">
      <Filter>Source Files</Filter>
    </ClCompile>
    <ClCompile Include="Engine\Rendering\Shader\stb_image.cpp">
      <Filter>Source Files</Filter>
    </ClCompile>
    <ClCompile Include="Engine\Rendering\Textures\TextureLoader.h">
      <Filter>Source Files</Filter>
    </ClCompile>
    <ClCompile Include="Engine\Systems\ModelSystem\ModelSystem.cpp">
      <Filter>Source Files</Filter>
    </ClCompile>
    <ClCompile Include="Engine\Systems\PhysicsSystem\IronPhysicsSystem.h">
      <Filter>Source Files</Filter>
    </ClCompile>
    <ClCompile Include="Engine\Systems\PhysicsSystem\IronPhysicsSystem.cpp">
      <Filter>Source Files</Filter>
    </ClCompile>
    <ClCompile Include="vendor\JoltPhysics-master\Jolt\RegisterTypes.cpp">
      <Filter>Source Files</Filter>
    </ClCompile>
    <ClCompile Include="vendor\JoltPhysics-master\Jolt\TriangleSplitter\TriangleSplitter.cpp">
      <Filter>Source Files</Filter>
    </ClCompile>
    <ClCompile Include="vendor\JoltPhysics-master\Jolt\TriangleSplitter\TriangleSplitterBinning.cpp">
      <Filter>Source Files</Filter>
    </ClCompile>
    <ClCompile Include="vendor\JoltPhysics-master\Jolt\TriangleSplitter\TriangleSplitterMean.cpp">
      <Filter>Source Files</Filter>
    </ClCompile>
    <ClCompile Include="vendor\JoltPhysics-master\Jolt\Skeleton\SkeletalAnimation.cpp">
      <Filter>Source Files</Filter>
    </ClCompile>
    <ClCompile Include="vendor\JoltPhysics-master\Jolt\Skeleton\Skeleton.cpp">
      <Filter>Source Files</Filter>
    </ClCompile>
    <ClCompile Include="vendor\JoltPhysics-master\Jolt\Skeleton\SkeletonMapper.cpp">
      <Filter>Source Files</Filter>
    </ClCompile>
    <ClCompile Include="vendor\JoltPhysics-master\Jolt\Skeleton\SkeletonPose.cpp">
      <Filter>Source Files</Filter>
    </ClCompile>
    <ClCompile Include="vendor\JoltPhysics-master\Jolt\Physics\Body\Body.cpp">
      <Filter>Source Files</Filter>
    </ClCompile>
    <ClCompile Include="vendor\JoltPhysics-master\Jolt\Physics\Body\BodyCreationSettings.cpp">
      <Filter>Source Files</Filter>
    </ClCompile>
    <ClCompile Include="vendor\JoltPhysics-master\Jolt\Physics\Body\BodyInterface.cpp">
      <Filter>Source Files</Filter>
    </ClCompile>
    <ClCompile Include="vendor\JoltPhysics-master\Jolt\Physics\Body\BodyManager.cpp">
      <Filter>Source Files</Filter>
    </ClCompile>
    <ClCompile Include="vendor\JoltPhysics-master\Jolt\Physics\Body\MassProperties.cpp">
      <Filter>Source Files</Filter>
    </ClCompile>
    <ClCompile Include="vendor\JoltPhysics-master\Jolt\Physics\Body\MotionProperties.cpp">
      <Filter>Source Files</Filter>
    </ClCompile>
    <ClCompile Include="vendor\JoltPhysics-master\Jolt\Physics\Character\Character.cpp">
      <Filter>Source Files</Filter>
    </ClCompile>
    <ClCompile Include="vendor\JoltPhysics-master\Jolt\Physics\Character\CharacterBase.cpp">
      <Filter>Source Files</Filter>
    </ClCompile>
    <ClCompile Include="vendor\JoltPhysics-master\Jolt\Physics\Character\CharacterVirtual.cpp">
      <Filter>Source Files</Filter>
    </ClCompile>
    <ClCompile Include="vendor\JoltPhysics-master\Jolt\Physics\Collision\BroadPhase\BroadPhase.cpp">
      <Filter>Source Files</Filter>
    </ClCompile>
    <ClCompile Include="vendor\JoltPhysics-master\Jolt\Physics\Collision\BroadPhase\BroadPhaseBruteForce.cpp">
      <Filter>Source Files</Filter>
    </ClCompile>
    <ClCompile Include="vendor\JoltPhysics-master\Jolt\Physics\Collision\BroadPhase\BroadPhaseQuadTree.cpp">
      <Filter>Source Files</Filter>
    </ClCompile>
    <ClCompile Include="vendor\JoltPhysics-master\Jolt\Physics\Collision\BroadPhase\QuadTree.cpp">
      <Filter>Source Files</Filter>
    </ClCompile>
    <ClCompile Include="vendor\JoltPhysics-master\Jolt\Physics\Collision\Shape\BoxShape.cpp">
      <Filter>Source Files</Filter>
    </ClCompile>
    <ClCompile Include="vendor\JoltPhysics-master\Jolt\Physics\Collision\Shape\CapsuleShape.cpp">
      <Filter>Source Files</Filter>
    </ClCompile>
    <ClCompile Include="vendor\JoltPhysics-master\Jolt\Physics\Collision\Shape\CompoundShape.cpp">
      <Filter>Source Files</Filter>
    </ClCompile>
    <ClCompile Include="vendor\JoltPhysics-master\Jolt\Physics\Collision\Shape\ConvexHullShape.cpp">
      <Filter>Source Files</Filter>
    </ClCompile>
    <ClCompile Include="vendor\JoltPhysics-master\Jolt\Physics\Collision\Shape\ConvexShape.cpp">
      <Filter>Source Files</Filter>
    </ClCompile>
    <ClCompile Include="vendor\JoltPhysics-master\Jolt\Physics\Collision\Shape\CylinderShape.cpp">
      <Filter>Source Files</Filter>
    </ClCompile>
    <ClCompile Include="vendor\JoltPhysics-master\Jolt\Physics\Collision\Shape\DecoratedShape.cpp">
      <Filter>Source Files</Filter>
    </ClCompile>
    <ClCompile Include="vendor\JoltPhysics-master\Jolt\Physics\Collision\Shape\EmptyShape.cpp">
      <Filter>Source Files</Filter>
    </ClCompile>
    <ClCompile Include="vendor\JoltPhysics-master\Jolt\Physics\Collision\Shape\HeightFieldShape.cpp">
      <Filter>Source Files</Filter>
    </ClCompile>
    <ClCompile Include="vendor\JoltPhysics-master\Jolt\Physics\Collision\Shape\MeshShape.cpp">
      <Filter>Source Files</Filter>
    </ClCompile>
    <ClCompile Include="vendor\JoltPhysics-master\Jolt\Physics\Collision\Shape\MutableCompoundShape.cpp">
      <Filter>Source Files</Filter>
    </ClCompile>
    <ClCompile Include="vendor\JoltPhysics-master\Jolt\Physics\Collision\Shape\OffsetCenterOfMassShape.cpp">
      <Filter>Source Files</Filter>
    </ClCompile>
    <ClCompile Include="vendor\JoltPhysics-master\Jolt\Physics\Collision\Shape\PlaneShape.cpp">
      <Filter>Source Files</Filter>
    </ClCompile>
    <ClCompile Include="vendor\JoltPhysics-master\Jolt\Physics\Collision\Shape\RotatedTranslatedShape.cpp">
      <Filter>Source Files</Filter>
    </ClCompile>
    <ClCompile Include="vendor\JoltPhysics-master\Jolt\Physics\Collision\Shape\ScaledShape.cpp">
      <Filter>Source Files</Filter>
    </ClCompile>
    <ClCompile Include="vendor\JoltPhysics-master\Jolt\Physics\Collision\Shape\Shape.cpp">
      <Filter>Source Files</Filter>
    </ClCompile>
    <ClCompile Include="vendor\JoltPhysics-master\Jolt\Physics\Collision\Shape\SphereShape.cpp">
      <Filter>Source Files</Filter>
    </ClCompile>
    <ClCompile Include="vendor\JoltPhysics-master\Jolt\Physics\Collision\Shape\StaticCompoundShape.cpp">
      <Filter>Source Files</Filter>
    </ClCompile>
    <ClCompile Include="vendor\JoltPhysics-master\Jolt\Physics\Collision\Shape\TaperedCapsuleShape.cpp">
      <Filter>Source Files</Filter>
    </ClCompile>
    <ClCompile Include="vendor\JoltPhysics-master\Jolt\Physics\Collision\Shape\TaperedCylinderShape.cpp">
      <Filter>Source Files</Filter>
    </ClCompile>
    <ClCompile Include="vendor\JoltPhysics-master\Jolt\Physics\Collision\Shape\TriangleShape.cpp">
      <Filter>Source Files</Filter>
    </ClCompile>
    <ClCompile Include="vendor\JoltPhysics-master\Jolt\Physics\Collision\CastConvexVsTriangles.cpp">
      <Filter>Source Files</Filter>
    </ClCompile>
    <ClCompile Include="vendor\JoltPhysics-master\Jolt\Physics\Collision\CastSphereVsTriangles.cpp">
      <Filter>Source Files</Filter>
    </ClCompile>
    <ClCompile Include="vendor\JoltPhysics-master\Jolt\Physics\Collision\CollideConvexVsTriangles.cpp">
      <Filter>Source Files</Filter>
    </ClCompile>
    <ClCompile Include="vendor\JoltPhysics-master\Jolt\Physics\Collision\CollideSphereVsTriangles.cpp">
      <Filter>Source Files</Filter>
    </ClCompile>
    <ClCompile Include="vendor\JoltPhysics-master\Jolt\Physics\Collision\CollisionDispatch.cpp">
      <Filter>Source Files</Filter>
    </ClCompile>
    <ClCompile Include="vendor\JoltPhysics-master\Jolt\Physics\Collision\CollisionGroup.cpp">
      <Filter>Source Files</Filter>
    </ClCompile>
    <ClCompile Include="vendor\JoltPhysics-master\Jolt\Physics\Collision\EstimateCollisionResponse.cpp">
      <Filter>Source Files</Filter>
    </ClCompile>
    <ClCompile Include="vendor\JoltPhysics-master\Jolt\Physics\Collision\GroupFilter.cpp">
      <Filter>Source Files</Filter>
    </ClCompile>
    <ClCompile Include="vendor\JoltPhysics-master\Jolt\Physics\Collision\GroupFilterTable.cpp">
      <Filter>Source Files</Filter>
    </ClCompile>
    <ClCompile Include="vendor\JoltPhysics-master\Jolt\Physics\Collision\ManifoldBetweenTwoFaces.cpp">
      <Filter>Source Files</Filter>
    </ClCompile>
    <ClCompile Include="vendor\JoltPhysics-master\Jolt\Physics\Collision\NarrowPhaseQuery.cpp">
      <Filter>Source Files</Filter>
    </ClCompile>
    <ClCompile Include="vendor\JoltPhysics-master\Jolt\Physics\Collision\NarrowPhaseStats.cpp">
      <Filter>Source Files</Filter>
    </ClCompile>
    <ClCompile Include="vendor\JoltPhysics-master\Jolt\Physics\Collision\PhysicsMaterial.cpp">
      <Filter>Source Files</Filter>
    </ClCompile>
    <ClCompile Include="vendor\JoltPhysics-master\Jolt\Physics\Collision\PhysicsMaterialSimple.cpp">
      <Filter>Source Files</Filter>
    </ClCompile>
    <ClCompile Include="vendor\JoltPhysics-master\Jolt\Physics\Collision\TransformedShape.cpp">
      <Filter>Source Files</Filter>
    </ClCompile>
    <ClCompile Include="vendor\JoltPhysics-master\Jolt\Physics\Constraints\ConeConstraint.cpp">
      <Filter>Source Files</Filter>
    </ClCompile>
    <ClCompile Include="vendor\JoltPhysics-master\Jolt\Physics\Constraints\Constraint.cpp">
      <Filter>Source Files</Filter>
    </ClCompile>
    <ClCompile Include="vendor\JoltPhysics-master\Jolt\Physics\Constraints\ConstraintManager.cpp">
      <Filter>Source Files</Filter>
    </ClCompile>
    <ClCompile Include="vendor\JoltPhysics-master\Jolt\Physics\Constraints\ContactConstraintManager.cpp">
      <Filter>Source Files</Filter>
    </ClCompile>
    <ClCompile Include="vendor\JoltPhysics-master\Jolt\Physics\Constraints\DistanceConstraint.cpp">
      <Filter>Source Files</Filter>
    </ClCompile>
    <ClCompile Include="vendor\JoltPhysics-master\Jolt\Physics\Constraints\FixedConstraint.cpp">
      <Filter>Source Files</Filter>
    </ClCompile>
    <ClCompile Include="vendor\JoltPhysics-master\Jolt\Physics\Constraints\GearConstraint.cpp">
      <Filter>Source Files</Filter>
    </ClCompile>
    <ClCompile Include="vendor\JoltPhysics-master\Jolt\Physics\Constraints\HingeConstraint.cpp">
      <Filter>Source Files</Filter>
    </ClCompile>
    <ClCompile Include="vendor\JoltPhysics-master\Jolt\Physics\Constraints\MotorSettings.cpp">
      <Filter>Source Files</Filter>
    </ClCompile>
    <ClCompile Include="vendor\JoltPhysics-master\Jolt\Physics\Constraints\PathConstraint.cpp">
      <Filter>Source Files</Filter>
    </ClCompile>
    <ClCompile Include="vendor\JoltPhysics-master\Jolt\Physics\Constraints\PathConstraintPath.cpp">
      <Filter>Source Files</Filter>
    </ClCompile>
    <ClCompile Include="vendor\JoltPhysics-master\Jolt\Physics\Constraints\PathConstraintPathHermite.cpp">
      <Filter>Source Files</Filter>
    </ClCompile>
    <ClCompile Include="vendor\JoltPhysics-master\Jolt\Physics\Constraints\PointConstraint.cpp">
      <Filter>Source Files</Filter>
    </ClCompile>
    <ClCompile Include="vendor\JoltPhysics-master\Jolt\Physics\Constraints\PulleyConstraint.cpp">
      <Filter>Source Files</Filter>
    </ClCompile>
    <ClCompile Include="vendor\JoltPhysics-master\Jolt\Physics\Constraints\RackAndPinionConstraint.cpp">
      <Filter>Source Files</Filter>
    </ClCompile>
    <ClCompile Include="vendor\JoltPhysics-master\Jolt\Physics\Constraints\SixDOFConstraint.cpp">
      <Filter>Source Files</Filter>
    </ClCompile>
    <ClCompile Include="vendor\JoltPhysics-master\Jolt\Physics\Constraints\SliderConstraint.cpp">
      <Filter>Source Files</Filter>
    </ClCompile>
    <ClCompile Include="vendor\JoltPhysics-master\Jolt\Physics\Constraints\SpringSettings.cpp">
      <Filter>Source Files</Filter>
    </ClCompile>
    <ClCompile Include="vendor\JoltPhysics-master\Jolt\Physics\Constraints\SwingTwistConstraint.cpp">
      <Filter>Source Files</Filter>
    </ClCompile>
    <ClCompile Include="vendor\JoltPhysics-master\Jolt\Physics\Constraints\TwoBodyConstraint.cpp">
      <Filter>Source Files</Filter>
    </ClCompile>
    <ClCompile Include="vendor\JoltPhysics-master\Jolt\Physics\Hair\Hair.cpp">
      <Filter>Source Files</Filter>
    </ClCompile>
    <ClCompile Include="vendor\JoltPhysics-master\Jolt\Physics\Hair\HairSettings.cpp">
      <Filter>Source Files</Filter>
    </ClCompile>
    <ClCompile Include="vendor\JoltPhysics-master\Jolt\Physics\Hair\HairShaders.cpp">
      <Filter>Source Files</Filter>
    </ClCompile>
    <ClCompile Include="vendor\JoltPhysics-master\Jolt\Physics\Ragdoll\Ragdoll.cpp">
      <Filter>Source Files</Filter>
    </ClCompile>
    <ClCompile Include="vendor\JoltPhysics-master\Jolt\Physics\SoftBody\SoftBodyCreationSettings.cpp">
      <Filter>Source Files</Filter>
    </ClCompile>
    <ClCompile Include="vendor\JoltPhysics-master\Jolt\Physics\SoftBody\SoftBodyMotionProperties.cpp">
      <Filter>Source Files</Filter>
    </ClCompile>
    <ClCompile Include="vendor\JoltPhysics-master\Jolt\Physics\SoftBody\SoftBodyShape.cpp">
      <Filter>Source Files</Filter>
    </ClCompile>
    <ClCompile Include="vendor\JoltPhysics-master\Jolt\Physics\SoftBody\SoftBodySharedSettings.cpp">
      <Filter>Source Files</Filter>
    </ClCompile>
    <ClCompile Include="vendor\JoltPhysics-master\Jolt\Physics\Vehicle\MotorcycleController.cpp">
      <Filter>Source Files</Filter>
    </ClCompile>
    <ClCompile Include="vendor\JoltPhysics-master\Jolt\Physics\Vehicle\TrackedVehicleController.cpp">
      <Filter>Source Files</Filter>
    </ClCompile>
    <ClCompile Include="vendor\JoltPhysics-master\Jolt\Physics\Vehicle\VehicleAntiRollBar.cpp">
      <Filter>Source Files</Filter>
    </ClCompile>
    <ClCompile Include="vendor\JoltPhysics-master\Jolt\Physics\Vehicle\VehicleCollisionTester.cpp">
      <Filter>Source Files</Filter>
    </ClCompile>
    <ClCompile Include="vendor\JoltPhysics-master\Jolt\Physics\Vehicle\VehicleConstraint.cpp">
      <Filter>Source Files</Filter>
    </ClCompile>
    <ClCompile Include="vendor\JoltPhysics-master\Jolt\Physics\Vehicle\VehicleController.cpp">
      <Filter>Source Files</Filter>
    </ClCompile>
    <ClCompile Include="vendor\JoltPhysics-master\Jolt\Physics\Vehicle\VehicleDifferential.cpp">
      <Filter>Source Files</Filter>
    </ClCompile>
    <ClCompile Include="vendor\JoltPhysics-master\Jolt\Physics\Vehicle\VehicleEngine.cpp">
      <Filter>Source Files</Filter>
    </ClCompile>
    <ClCompile Include="vendor\JoltPhysics-master\Jolt\Physics\Vehicle\VehicleTrack.cpp">
      <Filter>Source Files</Filter>
    </ClCompile>
    <ClCompile Include="vendor\JoltPhysics-master\Jolt\Physics\Vehicle\VehicleTransmission.cpp">
      <Filter>Source Files</Filter>
    </ClCompile>
    <ClCompile Include="vendor\JoltPhysics-master\Jolt\Physics\Vehicle\Wheel.cpp">
      <Filter>Source Files</Filter>
    </ClCompile>
    <ClCompile Include="vendor\JoltPhysics-master\Jolt\Physics\Vehicle\WheeledVehicleController.cpp">
      <Filter>Source Files</Filter>
    </ClCompile>
    <ClCompile Include="vendor\JoltPhysics-master\Jolt\Physics\DeterminismLog.cpp">
      <Filter>Source Files</Filter>
    </ClCompile>
    <ClCompile Include="vendor\JoltPhysics-master\Jolt\Physics\IslandBuilder.cpp">
      <Filter>Source Files</Filter>
    </ClCompile>
    <ClCompile Include="vendor\JoltPhysics-master\Jolt\Physics\LargeIslandSplitter.cpp">
      <Filter>Source Files</Filter>
    </ClCompile>
    <ClCompile Include="vendor\JoltPhysics-master\Jolt\Physics\PhysicsScene.cpp">
      <Filter>Source Files</Filter>
    </ClCompile>
    <ClCompile Include="vendor\JoltPhysics-master\Jolt\Physics\PhysicsSystem.cpp">
      <Filter>Source Files</Filter>
    </ClCompile>
    <ClCompile Include="vendor\JoltPhysics-master\Jolt\Physics\PhysicsUpdateContext.cpp">
      <Filter>Source Files</Filter>
    </ClCompile>
    <ClCompile Include="vendor\JoltPhysics-master\Jolt\Physics\StateRecorderImpl.cpp">
      <Filter>Source Files</Filter>
    </ClCompile>
    <ClCompile Include="vendor\JoltPhysics-master\Jolt\ObjectStream\ObjectStream.cpp">
      <Filter>Source Files</Filter>
    </ClCompile>
    <ClCompile Include="vendor\JoltPhysics-master\Jolt\ObjectStream\ObjectStreamBinaryIn.cpp">
      <Filter>Source Files</Filter>
    </ClCompile>
    <ClCompile Include="vendor\JoltPhysics-master\Jolt\ObjectStream\ObjectStreamBinaryOut.cpp">
      <Filter>Source Files</Filter>
    </ClCompile>
    <ClCompile Include="vendor\JoltPhysics-master\Jolt\ObjectStream\ObjectStreamIn.cpp">
      <Filter>Source Files</Filter>
    </ClCompile>
    <ClCompile Include="vendor\JoltPhysics-master\Jolt\ObjectStream\ObjectStreamOut.cpp">
      <Filter>Source Files</Filter>
    </ClCompile>
    <ClCompile Include="vendor\JoltPhysics-master\Jolt\ObjectStream\ObjectStreamTextIn.cpp">
      <Filter>Source Files</Filter>
    </ClCompile>
    <ClCompile Include="vendor\JoltPhysics-master\Jolt\ObjectStream\ObjectStreamTextOut.cpp">
      <Filter>Source Files</Filter>
    </ClCompile>
    <ClCompile Include="vendor\JoltPhysics-master\Jolt\ObjectStream\SerializableObject.cpp">
      <Filter>Source Files</Filter>
    </ClCompile>
    <ClCompile Include="vendor\JoltPhysics-master\Jolt\ObjectStream\TypeDeclarations.cpp">
      <Filter>Source Files</Filter>
    </ClCompile>
    <ClCompile Include="vendor\JoltPhysics-master\Jolt\AABBTree\AABBTreeBuilder.cpp">
      <Filter>Source Files</Filter>
    </ClCompile>
    <ClCompile Include="vendor\JoltPhysics-master\Jolt\Compute\CPU\ComputeBufferCPU.cpp">
      <Filter>Source Files</Filter>
    </ClCompile>
    <ClCompile Include="vendor\JoltPhysics-master\Jolt\Compute\CPU\ComputeQueueCPU.cpp">
      <Filter>Source Files</Filter>
    </ClCompile>
    <ClCompile Include="vendor\JoltPhysics-master\Jolt\Compute\CPU\ComputeSystemCPU.cpp">
      <Filter>Source Files</Filter>
    </ClCompile>
    <ClCompile Include="vendor\JoltPhysics-master\Jolt\Compute\DX12\ComputeBufferDX12.cpp">
      <Filter>Source Files</Filter>
    </ClCompile>
    <ClCompile Include="vendor\JoltPhysics-master\Jolt\Compute\DX12\ComputeQueueDX12.cpp">
      <Filter>Source Files</Filter>
    </ClCompile>
    <ClCompile Include="vendor\JoltPhysics-master\Jolt\Compute\DX12\ComputeSystemDX12.cpp">
      <Filter>Source Files</Filter>
    </ClCompile>
    <ClCompile Include="vendor\JoltPhysics-master\Jolt\Compute\DX12\ComputeSystemDX12Impl.cpp">
      <Filter>Source Files</Filter>
    </ClCompile>
    <ClCompile Include="vendor\JoltPhysics-master\Jolt\Compute\VK\ComputeBufferVK.cpp">
      <Filter>Source Files</Filter>
    </ClCompile>
    <ClCompile Include="vendor\JoltPhysics-master\Jolt\Compute\VK\ComputeQueueVK.cpp">
      <Filter>Source Files</Filter>
    </ClCompile>
    <ClCompile Include="vendor\JoltPhysics-master\Jolt\Compute\VK\ComputeShaderVK.cpp">
      <Filter>Source Files</Filter>
    </ClCompile>
    <ClCompile Include="vendor\JoltPhysics-master\Jolt\Compute\VK\ComputeSystemVK.cpp">
      <Filter>Source Files</Filter>
    </ClCompile>
    <ClCompile Include="vendor\JoltPhysics-master\Jolt\Compute\VK\ComputeSystemVKImpl.cpp">
      <Filter>Source Files</Filter>
    </ClCompile>
    <ClCompile Include="vendor\JoltPhysics-master\Jolt\Compute\VK\ComputeSystemVKWithAllocator.cpp">
      <Filter>Source Files</Filter>
    </ClCompile>
    <ClCompile Include="vendor\JoltPhysics-master\Jolt\Compute\ComputeSystem.cpp">
      <Filter>Source Files</Filter>
    </ClCompile>
    <ClCompile Include="vendor\JoltPhysics-master\Jolt\Core\Color.cpp">
      <Filter>Source Files</Filter>
    </ClCompile>
    <ClCompile Include="vendor\JoltPhysics-master\Jolt\Core\Factory.cpp">
      <Filter>Source Files</Filter>
    </ClCompile>
    <ClCompile Include="vendor\JoltPhysics-master\Jolt\Core\IssueReporting.cpp">
      <Filter>Source Files</Filter>
    </ClCompile>
    <ClCompile Include="vendor\JoltPhysics-master\Jolt\Core\JobSystemSingleThreaded.cpp">
      <Filter>Source Files</Filter>
    </ClCompile>
    <ClCompile Include="vendor\JoltPhysics-master\Jolt\Core\JobSystemThreadPool.cpp">
      <Filter>Source Files</Filter>
    </ClCompile>
    <ClCompile Include="vendor\JoltPhysics-master\Jolt\Core\JobSystemWithBarrier.cpp">
      <Filter>Source Files</Filter>
    </ClCompile>
    <ClCompile Include="vendor\JoltPhysics-master\Jolt\Core\LinearCurve.cpp">
      <Filter>Source Files</Filter>
    </ClCompile>
    <ClCompile Include="vendor\JoltPhysics-master\Jolt\Core\Memory.cpp">
      <Filter>Source Files</Filter>
    </ClCompile>
    <ClCompile Include="vendor\JoltPhysics-master\Jolt\Core\Profiler.cpp">
      <Filter>Source Files</Filter>
    </ClCompile>
    <ClCompile Include="vendor\JoltPhysics-master\Jolt\Core\RTTI.cpp">
      <Filter>Source Files</Filter>
    </ClCompile>
    <ClCompile Include="vendor\JoltPhysics-master\Jolt\Core\Semaphore.cpp">
      <Filter>Source Files</Filter>
    </ClCompile>
    <ClCompile Include="vendor\JoltPhysics-master\Jolt\Core\StringTools.cpp">
      <Filter>Source Files</Filter>
    </ClCompile>
    <ClCompile Include="vendor\JoltPhysics-master\Jolt\Core\TickCounter.cpp">
      <Filter>Source Files</Filter>
    </ClCompile>
    <ClCompile Include="vendor\JoltPhysics-master\Jolt\Geometry\ConvexHullBuilder.cpp">
      <Filter>Source Files</Filter>
    </ClCompile>
    <ClCompile Include="vendor\JoltPhysics-master\Jolt\Geometry\ConvexHullBuilder2D.cpp">
      <Filter>Source Files</Filter>
    </ClCompile>
    <ClCompile Include="vendor\JoltPhysics-master\Jolt\Geometry\Indexify.cpp">
      <Filter>Source Files</Filter>
    </ClCompile>
    <ClCompile Include="vendor\JoltPhysics-master\Jolt\Geometry\OrientedBox.cpp">
      <Filter>Source Files</Filter>
    </ClCompile>
    <ClCompile Include="vendor\JoltPhysics-master\Jolt\Math\Vec3.cpp">
      <Filter>Source Files</Filter>
    </ClCompile>
    <ClCompile Include="vendor\JoltPhysics-master\Jolt\Renderer\DebugRenderer.cpp">
      <Filter>Source Files</Filter>
    </ClCompile>
    <ClCompile Include="vendor\JoltPhysics-master\Jolt\Renderer\DebugRendererPlayback.cpp">
      <Filter>Source Files</Filter>
    </ClCompile>
    <ClCompile Include="vendor\JoltPhysics-master\Jolt\Renderer\DebugRendererRecorder.cpp">
      <Filter>Source Files</Filter>
    </ClCompile>
    <ClCompile Include="vendor\JoltPhysics-master\Jolt\Renderer\DebugRendererSimple.cpp">
      <Filter>Source Files</Filter>
    </ClCompile>
  </ItemGroup>
  <ItemGroup>
    <ClInclude Include="Engine\Core\Engine\Engine.h">
      <Filter>Header Files</Filter>
    </ClInclude>
    <ClInclude Include="Engine\Core\Input\Input.h">
      <Filter>Header Files</Filter>
    </ClInclude>
    <ClInclude Include="Engine\Core\Events\EventHandler.h">
      <Filter>Header Files</Filter>
    </ClInclude>
    <ClInclude Include="Engine\Core\Time\Time.h">
      <Filter>Header Files</Filter>
    </ClInclude>
    <ClInclude Include="Engine\Components\TransformComponent.h">
      <Filter>Header Files</Filter>
    </ClInclude>
    <ClInclude Include="Engine\Components\RenderableComponent.h">
      <Filter>Header Files</Filter>
    </ClInclude>
    <ClInclude Include="Engine\Systems\RenderSystem\RenderSystem.h">
      <Filter>Header Files</Filter>
    </ClInclude>
    <ClInclude Include="Engine\Rendering\Mesh\MeshPool.h">
      <Filter>Header Files</Filter>
    </ClInclude>
    <ClInclude Include="Engine\Rendering\Shader\ShaderLibrary.h">
      <Filter>Header Files</Filter>
    </ClInclude>
    <ClInclude Include="Engine\Core\Scenes\Scene.h">
      <Filter>Header Files</Filter>
    </ClInclude>
    <ClInclude Include="Engine\Components\CameraComponent.h">
      <Filter>Header Files</Filter>
    </ClInclude>
    <ClInclude Include="Engine\Systems\CameraSystem\CameraSystem.h">
      <Filter>Header Files</Filter>
    </ClInclude>
    <ClInclude Include="Engine\Rendering\Camera\Camera.h">
      <Filter>Header Files</Filter>
    </ClInclude>
    <ClInclude Include="Engine\Core\Input\Mouse.h">
      <Filter>Header Files</Filter>
    </ClInclude>
    <ClInclude Include="Engine\Components\TextureComponent.h">
      <Filter>Header Files</Filter>
    </ClInclude>
    <ClInclude Include="Engine\Components\ModelComponent.h">
      <Filter>Header Files</Filter>
    </ClInclude>
    <ClInclude Include="Engine\Systems\ModelSystem\ModelSystem.h">
      <Filter>Header Files</Filter>
    </ClInclude>
    <ClInclude Include="Engine\Components\RigidBodyComponent.h">
      <Filter>Header Files</Filter>
    </ClInclude>
    <ClInclude Include="vendor\JoltPhysics-master\Jolt\ConfigurationString.h">
      <Filter>Header Files</Filter>
    </ClInclude>
    <ClInclude Include="vendor\JoltPhysics-master\Jolt\Jolt.h">
      <Filter>Header Files</Filter>
    </ClInclude>
    <ClInclude Include="vendor\JoltPhysics-master\Jolt\RegisterTypes.h">
      <Filter>Header Files</Filter>
    </ClInclude>
    <ClInclude Include="vendor\JoltPhysics-master\Jolt\TriangleSplitter\TriangleSplitter.h">
      <Filter>Header Files</Filter>
    </ClInclude>
    <ClInclude Include="vendor\JoltPhysics-master\Jolt\TriangleSplitter\TriangleSplitterBinning.h">
      <Filter>Header Files</Filter>
    </ClInclude>
    <ClInclude Include="vendor\JoltPhysics-master\Jolt\TriangleSplitter\TriangleSplitterMean.h">
      <Filter>Header Files</Filter>
    </ClInclude>
    <ClInclude Include="vendor\JoltPhysics-master\Jolt\Skeleton\SkeletalAnimation.h">
      <Filter>Header Files</Filter>
    </ClInclude>
    <ClInclude Include="vendor\JoltPhysics-master\Jolt\Skeleton\Skeleton.h">
      <Filter>Header Files</Filter>
    </ClInclude>
    <ClInclude Include="vendor\JoltPhysics-master\Jolt\Skeleton\SkeletonMapper.h">
      <Filter>Header Files</Filter>
    </ClInclude>
    <ClInclude Include="vendor\JoltPhysics-master\Jolt\Skeleton\SkeletonPose.h">
      <Filter>Header Files</Filter>
    </ClInclude>
    <ClInclude Include="vendor\JoltPhysics-master\Jolt\Physics\Body\AllowedDOFs.h">
      <Filter>Header Files</Filter>
    </ClInclude>
    <ClInclude Include="vendor\JoltPhysics-master\Jolt\Physics\Body\Body.h">
      <Filter>Header Files</Filter>
    </ClInclude>
    <ClInclude Include="vendor\JoltPhysics-master\Jolt\Physics\Body\BodyAccess.h">
      <Filter>Header Files</Filter>
    </ClInclude>
    <ClInclude Include="vendor\JoltPhysics-master\Jolt\Physics\Body\BodyActivationListener.h">
      <Filter>Header Files</Filter>
    </ClInclude>
    <ClInclude Include="vendor\JoltPhysics-master\Jolt\Physics\Body\BodyCreationSettings.h">
      <Filter>Header Files</Filter>
    </ClInclude>
    <ClInclude Include="vendor\JoltPhysics-master\Jolt\Physics\Body\BodyFilter.h">
      <Filter>Header Files</Filter>
    </ClInclude>
    <ClInclude Include="vendor\JoltPhysics-master\Jolt\Physics\Body\BodyID.h">
      <Filter>Header Files</Filter>
    </ClInclude>
    <ClInclude Include="vendor\JoltPhysics-master\Jolt\Physics\Body\BodyInterface.h">
      <Filter>Header Files</Filter>
    </ClInclude>
    <ClInclude Include="vendor\JoltPhysics-master\Jolt\Physics\Body\BodyLock.h">
      <Filter>Header Files</Filter>
    </ClInclude>
    <ClInclude Include="vendor\JoltPhysics-master\Jolt\Physics\Body\BodyLockInterface.h">
      <Filter>Header Files</Filter>
    </ClInclude>
    <ClInclude Include="vendor\JoltPhysics-master\Jolt\Physics\Body\BodyLockMulti.h">
      <Filter>Header Files</Filter>
    </ClInclude>
    <ClInclude Include="vendor\JoltPhysics-master\Jolt\Physics\Body\BodyManager.h">
      <Filter>Header Files</Filter>
    </ClInclude>
    <ClInclude Include="vendor\JoltPhysics-master\Jolt\Physics\Body\BodyPair.h">
      <Filter>Header Files</Filter>
    </ClInclude>
    <ClInclude Include="vendor\JoltPhysics-master\Jolt\Physics\Body\BodyType.h">
      <Filter>Header Files</Filter>
    </ClInclude>
    <ClInclude Include="vendor\JoltPhysics-master\Jolt\Physics\Body\MassProperties.h">
      <Filter>Header Files</Filter>
    </ClInclude>
    <ClInclude Include="vendor\JoltPhysics-master\Jolt\Physics\Body\MotionProperties.h">
      <Filter>Header Files</Filter>
    </ClInclude>
    <ClInclude Include="vendor\JoltPhysics-master\Jolt\Physics\Body\MotionQuality.h">
      <Filter>Header Files</Filter>
    </ClInclude>
    <ClInclude Include="vendor\JoltPhysics-master\Jolt\Physics\Body\MotionType.h">
      <Filter>Header Files</Filter>
    </ClInclude>
    <ClInclude Include="vendor\JoltPhysics-master\Jolt\Physics\Character\Character.h">
      <Filter>Header Files</Filter>
    </ClInclude>
    <ClInclude Include="vendor\JoltPhysics-master\Jolt\Physics\Character\CharacterBase.h">
      <Filter>Header Files</Filter>
    </ClInclude>
    <ClInclude Include="vendor\JoltPhysics-master\Jolt\Physics\Character\CharacterID.h">
      <Filter>Header Files</Filter>
    </ClInclude>
    <ClInclude Include="vendor\JoltPhysics-master\Jolt\Physics\Character\CharacterVirtual.h">
      <Filter>Header Files</Filter>
    </ClInclude>
    <ClInclude Include="vendor\JoltPhysics-master\Jolt\Physics\Collision\BroadPhase\BroadPhase.h">
      <Filter>Header Files</Filter>
    </ClInclude>
    <ClInclude Include="vendor\JoltPhysics-master\Jolt\Physics\Collision\BroadPhase\BroadPhaseBruteForce.h">
      <Filter>Header Files</Filter>
    </ClInclude>
    <ClInclude Include="vendor\JoltPhysics-master\Jolt\Physics\Collision\BroadPhase\BroadPhaseLayer.h">
      <Filter>Header Files</Filter>
    </ClInclude>
    <ClInclude Include="vendor\JoltPhysics-master\Jolt\Physics\Collision\BroadPhase\BroadPhaseLayerInterfaceMask.h">
      <Filter>Header Files</Filter>
    </ClInclude>
    <ClInclude Include="vendor\JoltPhysics-master\Jolt\Physics\Collision\BroadPhase\BroadPhaseLayerInterfaceTable.h">
      <Filter>Header Files</Filter>
    </ClInclude>
    <ClInclude Include="vendor\JoltPhysics-master\Jolt\Physics\Collision\BroadPhase\BroadPhaseQuadTree.h">
      <Filter>Header Files</Filter>
    </ClInclude>
    <ClInclude Include="vendor\JoltPhysics-master\Jolt\Physics\Collision\BroadPhase\BroadPhaseQuery.h">
      <Filter>Header Files</Filter>
    </ClInclude>
    <ClInclude Include="vendor\JoltPhysics-master\Jolt\Physics\Collision\BroadPhase\ObjectVsBroadPhaseLayerFilterMask.h">
      <Filter>Header Files</Filter>
    </ClInclude>
    <ClInclude Include="vendor\JoltPhysics-master\Jolt\Physics\Collision\BroadPhase\ObjectVsBroadPhaseLayerFilterTable.h">
      <Filter>Header Files</Filter>
    </ClInclude>
    <ClInclude Include="vendor\JoltPhysics-master\Jolt\Physics\Collision\BroadPhase\QuadTree.h">
      <Filter>Header Files</Filter>
    </ClInclude>
    <ClInclude Include="vendor\JoltPhysics-master\Jolt\Physics\Collision\Shape\BoxShape.h">
      <Filter>Header Files</Filter>
    </ClInclude>
    <ClInclude Include="vendor\JoltPhysics-master\Jolt\Physics\Collision\Shape\CapsuleShape.h">
      <Filter>Header Files</Filter>
    </ClInclude>
    <ClInclude Include="vendor\JoltPhysics-master\Jolt\Physics\Collision\Shape\CompoundShape.h">
      <Filter>Header Files</Filter>
    </ClInclude>
    <ClInclude Include="vendor\JoltPhysics-master\Jolt\Physics\Collision\Shape\CompoundShapeVisitors.h">
      <Filter>Header Files</Filter>
    </ClInclude>
    <ClInclude Include="vendor\JoltPhysics-master\Jolt\Physics\Collision\Shape\ConvexHullShape.h">
      <Filter>Header Files</Filter>
    </ClInclude>
    <ClInclude Include="vendor\JoltPhysics-master\Jolt\Physics\Collision\Shape\ConvexShape.h">
      <Filter>Header Files</Filter>
    </ClInclude>
    <ClInclude Include="vendor\JoltPhysics-master\Jolt\Physics\Collision\Shape\CylinderShape.h">
      <Filter>Header Files</Filter>
    </ClInclude>
    <ClInclude Include="vendor\JoltPhysics-master\Jolt\Physics\Collision\Shape\DecoratedShape.h">
      <Filter>Header Files</Filter>
    </ClInclude>
    <ClInclude Include="vendor\JoltPhysics-master\Jolt\Physics\Collision\Shape\EmptyShape.h">
      <Filter>Header Files</Filter>
    </ClInclude>
    <ClInclude Include="vendor\JoltPhysics-master\Jolt\Physics\Collision\Shape\GetTrianglesContext.h">
      <Filter>Header Files</Filter>
    </ClInclude>
    <ClInclude Include="vendor\JoltPhysics-master\Jolt\Physics\Collision\Shape\HeightFieldShape.h">
      <Filter>Header Files</Filter>
    </ClInclude>
    <ClInclude Include="vendor\JoltPhysics-master\Jolt\Physics\Collision\Shape\MeshShape.h">
      <Filter>Header Files</Filter>
    </ClInclude>
    <ClInclude Include="vendor\JoltPhysics-master\Jolt\Physics\Collision\Shape\MutableCompoundShape.h">
      <Filter>Header Files</Filter>
    </ClInclude>
    <ClInclude Include="vendor\JoltPhysics-master\Jolt\Physics\Collision\Shape\OffsetCenterOfMassShape.h">
      <Filter>Header Files</Filter>
    </ClInclude>
    <ClInclude Include="vendor\JoltPhysics-master\Jolt\Physics\Collision\Shape\PlaneShape.h">
      <Filter>Header Files</Filter>
    </ClInclude>
    <ClInclude Include="vendor\JoltPhysics-master\Jolt\Physics\Collision\Shape\PolyhedronSubmergedVolumeCalculator.h">
      <Filter>Header Files</Filter>
    </ClInclude>
    <ClInclude Include="vendor\JoltPhysics-master\Jolt\Physics\Collision\Shape\RotatedTranslatedShape.h">
      <Filter>Header Files</Filter>
    </ClInclude>
    <ClInclude Include="vendor\JoltPhysics-master\Jolt\Physics\Collision\Shape\ScaledShape.h">
      <Filter>Header Files</Filter>
    </ClInclude>
    <ClInclude Include="vendor\JoltPhysics-master\Jolt\Physics\Collision\Shape\ScaleHelpers.h">
      <Filter>Header Files</Filter>
    </ClInclude>
    <ClInclude Include="vendor\JoltPhysics-master\Jolt\Physics\Collision\Shape\Shape.h">
      <Filter>Header Files</Filter>
    </ClInclude>
    <ClInclude Include="vendor\JoltPhysics-master\Jolt\Physics\Collision\Shape\SphereShape.h">
      <Filter>Header Files</Filter>
    </ClInclude>
    <ClInclude Include="vendor\JoltPhysics-master\Jolt\Physics\Collision\Shape\StaticCompoundShape.h">
      <Filter>Header Files</Filter>
    </ClInclude>
    <ClInclude Include="vendor\JoltPhysics-master\Jolt\Physics\Collision\Shape\SubShapeID.h">
      <Filter>Header Files</Filter>
    </ClInclude>
    <ClInclude Include="vendor\JoltPhysics-master\Jolt\Physics\Collision\Shape\SubShapeIDPair.h">
      <Filter>Header Files</Filter>
    </ClInclude>
    <ClInclude Include="vendor\JoltPhysics-master\Jolt\Physics\Collision\Shape\TaperedCapsuleShape.h">
      <Filter>Header Files</Filter>
    </ClInclude>
    <ClInclude Include="vendor\JoltPhysics-master\Jolt\Physics\Collision\Shape\TaperedCylinderShape.h">
      <Filter>Header Files</Filter>
    </ClInclude>
    <ClInclude Include="vendor\JoltPhysics-master\Jolt\Physics\Collision\Shape\TriangleShape.h">
      <Filter>Header Files</Filter>
    </ClInclude>
    <ClInclude Include="vendor\JoltPhysics-master\Jolt\Physics\Collision\AABoxCast.h">
      <Filter>Header Files</Filter>
    </ClInclude>
    <ClInclude Include="vendor\JoltPhysics-master\Jolt\Physics\Collision\ActiveEdgeMode.h">
      <Filter>Header Files</Filter>
    </ClInclude>
    <ClInclude Include="vendor\JoltPhysics-master\Jolt\Physics\Collision\ActiveEdges.h">
      <Filter>Header Files</Filter>
    </ClInclude>
    <ClInclude Include="vendor\JoltPhysics-master\Jolt\Physics\Collision\BackFaceMode.h">
      <Filter>Header Files</Filter>
    </ClInclude>
    <ClInclude Include="vendor\JoltPhysics-master\Jolt\Physics\Collision\CastConvexVsTriangles.h">
      <Filter>Header Files</Filter>
    </ClInclude>
    <ClInclude Include="vendor\JoltPhysics-master\Jolt\Physics\Collision\CastResult.h">
      <Filter>Header Files</Filter>
    </ClInclude>
    <ClInclude Include="vendor\JoltPhysics-master\Jolt\Physics\Collision\CastSphereVsTriangles.h">
      <Filter>Header Files</Filter>
    </ClInclude>
    <ClInclude Include="vendor\JoltPhysics-master\Jolt\Physics\Collision\CollectFacesMode.h">
      <Filter>Header Files</Filter>
    </ClInclude>
    <ClInclude Include="vendor\JoltPhysics-master\Jolt\Physics\Collision\CollideConvexVsTriangles.h">
      <Filter>Header Files</Filter>
    </ClInclude>
    <ClInclude Include="vendor\JoltPhysics-master\Jolt\Physics\Collision\CollidePointResult.h">
      <Filter>Header Files</Filter>
    </ClInclude>
    <ClInclude Include="vendor\JoltPhysics-master\Jolt\Physics\Collision\CollideShape.h">
      <Filter>Header Files</Filter>
    </ClInclude>
    <ClInclude Include="vendor\JoltPhysics-master\Jolt\Physics\Collision\CollideShapeVsShapePerLeaf.h">
      <Filter>Header Files</Filter>
    </ClInclude>
    <ClInclude Include="vendor\JoltPhysics-master\Jolt\Physics\Collision\CollideSoftBodyVertexIterator.h">
      <Filter>Header Files</Filter>
    </ClInclude>
    <ClInclude Include="vendor\JoltPhysics-master\Jolt\Physics\Collision\CollideSoftBodyVerticesVsTriangles.h">
      <Filter>Header Files</Filter>
    </ClInclude>
    <ClInclude Include="vendor\JoltPhysics-master\Jolt\Physics\Collision\CollideSphereVsTriangles.h">
      <Filter>Header Files</Filter>
    </ClInclude>
    <ClInclude Include="vendor\JoltPhysics-master\Jolt\Physics\Collision\CollisionCollector.h">
      <Filter>Header Files</Filter>
    </ClInclude>
    <ClInclude Include="vendor\JoltPhysics-master\Jolt\Physics\Collision\CollisionCollectorImpl.h">
      <Filter>Header Files</Filter>
    </ClInclude>
    <ClInclude Include="vendor\JoltPhysics-master\Jolt\Physics\Collision\CollisionDispatch.h">
      <Filter>Header Files</Filter>
    </ClInclude>
    <ClInclude Include="vendor\JoltPhysics-master\Jolt\Physics\Collision\CollisionGroup.h">
      <Filter>Header Files</Filter>
    </ClInclude>
    <ClInclude Include="vendor\JoltPhysics-master\Jolt\Physics\Collision\ContactListener.h">
      <Filter>Header Files</Filter>
    </ClInclude>
    <ClInclude Include="vendor\JoltPhysics-master\Jolt\Physics\Collision\EstimateCollisionResponse.h">
      <Filter>Header Files</Filter>
    </ClInclude>
    <ClInclude Include="vendor\JoltPhysics-master\Jolt\Physics\Collision\GroupFilter.h">
      <Filter>Header Files</Filter>
    </ClInclude>
    <ClInclude Include="vendor\JoltPhysics-master\Jolt\Physics\Collision\GroupFilterTable.h">
      <Filter>Header Files</Filter>
    </ClInclude>
    <ClInclude Include="vendor\JoltPhysics-master\Jolt\Physics\Collision\InternalEdgeRemovingCollector.h">
      <Filter>Header Files</Filter>
    </ClInclude>
    <ClInclude Include="vendor\JoltPhysics-master\Jolt\Physics\Collision\ManifoldBetweenTwoFaces.h">
      <Filter>Header Files</Filter>
    </ClInclude>
    <ClInclude Include="vendor\JoltPhysics-master\Jolt\Physics\Collision\NarrowPhaseQuery.h">
      <Filter>Header Files</Filter>
    </ClInclude>
    <ClInclude Include="vendor\JoltPhysics-master\Jolt\Physics\Collision\NarrowPhaseStats.h">
      <Filter>Header Files</Filter>
    </ClInclude>
    <ClInclude Include="vendor\JoltPhysics-master\Jolt\Physics\Collision\ObjectLayer.h">
      <Filter>Header Files</Filter>
    </ClInclude>
    <ClInclude Include="vendor\JoltPhysics-master\Jolt\Physics\Collision\ObjectLayerPairFilterMask.h">
      <Filter>Header Files</Filter>
    </ClInclude>
    <ClInclude Include="vendor\JoltPhysics-master\Jolt\Physics\Collision\ObjectLayerPairFilterTable.h">
      <Filter>Header Files</Filter>
    </ClInclude>
    <ClInclude Include="vendor\JoltPhysics-master\Jolt\Physics\Collision\PhysicsMaterial.h">
      <Filter>Header Files</Filter>
    </ClInclude>
    <ClInclude Include="vendor\JoltPhysics-master\Jolt\Physics\Collision\PhysicsMaterialSimple.h">
      <Filter>Header Files</Filter>
    </ClInclude>
    <ClInclude Include="vendor\JoltPhysics-master\Jolt\Physics\Collision\RayCast.h">
      <Filter>Header Files</Filter>
    </ClInclude>
    <ClInclude Include="vendor\JoltPhysics-master\Jolt\Physics\Collision\ShapeCast.h">
      <Filter>Header Files</Filter>
    </ClInclude>
    <ClInclude Include="vendor\JoltPhysics-master\Jolt\Physics\Collision\ShapeFilter.h">
      <Filter>Header Files</Filter>
    </ClInclude>
    <ClInclude Include="vendor\JoltPhysics-master\Jolt\Physics\Collision\SimShapeFilter.h">
      <Filter>Header Files</Filter>
    </ClInclude>
    <ClInclude Include="vendor\JoltPhysics-master\Jolt\Physics\Collision\SimShapeFilterWrapper.h">
      <Filter>Header Files</Filter>
    </ClInclude>
    <ClInclude Include="vendor\JoltPhysics-master\Jolt\Physics\Collision\SortReverseAndStore.h">
      <Filter>Header Files</Filter>
    </ClInclude>
    <ClInclude Include="vendor\JoltPhysics-master\Jolt\Physics\Collision\TransformedShape.h">
      <Filter>Header Files</Filter>
    </ClInclude>
    <ClInclude Include="vendor\JoltPhysics-master\Jolt\Physics\Constraints\ConstraintPart\AngleConstraintPart.h">
      <Filter>Header Files</Filter>
    </ClInclude>
    <ClInclude Include="vendor\JoltPhysics-master\Jolt\Physics\Constraints\ConstraintPart\AxisConstraintPart.h">
      <Filter>Header Files</Filter>
    </ClInclude>
    <ClInclude Include="vendor\JoltPhysics-master\Jolt\Physics\Constraints\ConstraintPart\DualAxisConstraintPart.h">
      <Filter>Header Files</Filter>
    </ClInclude>
    <ClInclude Include="vendor\JoltPhysics-master\Jolt\Physics\Constraints\ConstraintPart\GearConstraintPart.h">
      <Filter>Header Files</Filter>
    </ClInclude>
    <ClInclude Include="vendor\JoltPhysics-master\Jolt\Physics\Constraints\ConstraintPart\HingeRotationConstraintPart.h">
      <Filter>Header Files</Filter>
    </ClInclude>
    <ClInclude Include="vendor\JoltPhysics-master\Jolt\Physics\Constraints\ConstraintPart\IndependentAxisConstraintPart.h">
      <Filter>Header Files</Filter>
    </ClInclude>
    <ClInclude Include="vendor\JoltPhysics-master\Jolt\Physics\Constraints\ConstraintPart\PointConstraintPart.h">
      <Filter>Header Files</Filter>
    </ClInclude>
    <ClInclude Include="vendor\JoltPhysics-master\Jolt\Physics\Constraints\ConstraintPart\RackAndPinionConstraintPart.h">
      <Filter>Header Files</Filter>
    </ClInclude>
    <ClInclude Include="vendor\JoltPhysics-master\Jolt\Physics\Constraints\ConstraintPart\RotationEulerConstraintPart.h">
      <Filter>Header Files</Filter>
    </ClInclude>
    <ClInclude Include="vendor\JoltPhysics-master\Jolt\Physics\Constraints\ConstraintPart\RotationQuatConstraintPart.h">
      <Filter>Header Files</Filter>
    </ClInclude>
    <ClInclude Include="vendor\JoltPhysics-master\Jolt\Physics\Constraints\ConstraintPart\SpringPart.h">
      <Filter>Header Files</Filter>
    </ClInclude>
    <ClInclude Include="vendor\JoltPhysics-master\Jolt\Physics\Constraints\ConstraintPart\SwingTwistConstraintPart.h">
      <Filter>Header Files</Filter>
    </ClInclude>
    <ClInclude Include="vendor\JoltPhysics-master\Jolt\Physics\Constraints\CalculateSolverSteps.h">
      <Filter>Header Files</Filter>
    </ClInclude>
    <ClInclude Include="vendor\JoltPhysics-master\Jolt\Physics\Constraints\ConeConstraint.h">
      <Filter>Header Files</Filter>
    </ClInclude>
    <ClInclude Include="vendor\JoltPhysics-master\Jolt\Physics\Constraints\Constraint.h">
      <Filter>Header Files</Filter>
    </ClInclude>
    <ClInclude Include="vendor\JoltPhysics-master\Jolt\Physics\Constraints\ConstraintManager.h">
      <Filter>Header Files</Filter>
    </ClInclude>
    <ClInclude Include="vendor\JoltPhysics-master\Jolt\Physics\Constraints\ContactConstraintManager.h">
      <Filter>Header Files</Filter>
    </ClInclude>
    <ClInclude Include="vendor\JoltPhysics-master\Jolt\Physics\Constraints\DistanceConstraint.h">
      <Filter>Header Files</Filter>
    </ClInclude>
    <ClInclude Include="vendor\JoltPhysics-master\Jolt\Physics\Constraints\FixedConstraint.h">
      <Filter>Header Files</Filter>
    </ClInclude>
    <ClInclude Include="vendor\JoltPhysics-master\Jolt\Physics\Constraints\GearConstraint.h">
      <Filter>Header Files</Filter>
    </ClInclude>
    <ClInclude Include="vendor\JoltPhysics-master\Jolt\Physics\Constraints\HingeConstraint.h">
      <Filter>Header Files</Filter>
    </ClInclude>
    <ClInclude Include="vendor\JoltPhysics-master\Jolt\Physics\Constraints\MotorSettings.h">
      <Filter>Header Files</Filter>
    </ClInclude>
    <ClInclude Include="vendor\JoltPhysics-master\Jolt\Physics\Constraints\PathConstraint.h">
      <Filter>Header Files</Filter>
    </ClInclude>
    <ClInclude Include="vendor\JoltPhysics-master\Jolt\Physics\Constraints\PathConstraintPath.h">
      <Filter>Header Files</Filter>
    </ClInclude>
    <ClInclude Include="vendor\JoltPhysics-master\Jolt\Physics\Constraints\PathConstraintPathHermite.h">
      <Filter>Header Files</Filter>
    </ClInclude>
    <ClInclude Include="vendor\JoltPhysics-master\Jolt\Physics\Constraints\PointConstraint.h">
      <Filter>Header Files</Filter>
    </ClInclude>
    <ClInclude Include="vendor\JoltPhysics-master\Jolt\Physics\Constraints\PulleyConstraint.h">
      <Filter>Header Files</Filter>
    </ClInclude>
    <ClInclude Include="vendor\JoltPhysics-master\Jolt\Physics\Constraints\RackAndPinionConstraint.h">
      <Filter>Header Files</Filter>
    </ClInclude>
    <ClInclude Include="vendor\JoltPhysics-master\Jolt\Physics\Constraints\SixDOFConstraint.h">
      <Filter>Header Files</Filter>
    </ClInclude>
    <ClInclude Include="vendor\JoltPhysics-master\Jolt\Physics\Constraints\SliderConstraint.h">
      <Filter>Header Files</Filter>
    </ClInclude>
    <ClInclude Include="vendor\JoltPhysics-master\Jolt\Physics\Constraints\SpringSettings.h">
      <Filter>Header Files</Filter>
    </ClInclude>
    <ClInclude Include="vendor\JoltPhysics-master\Jolt\Physics\Constraints\SwingTwistConstraint.h">
      <Filter>Header Files</Filter>
    </ClInclude>
    <ClInclude Include="vendor\JoltPhysics-master\Jolt\Physics\Constraints\TwoBodyConstraint.h">
      <Filter>Header Files</Filter>
    </ClInclude>
    <ClInclude Include="vendor\JoltPhysics-master\Jolt\Physics\Hair\Hair.h">
      <Filter>Header Files</Filter>
    </ClInclude>
    <ClInclude Include="vendor\JoltPhysics-master\Jolt\Physics\Hair\HairSettings.h">
      <Filter>Header Files</Filter>
    </ClInclude>
    <ClInclude Include="vendor\JoltPhysics-master\Jolt\Physics\Hair\HairShaders.h">
      <Filter>Header Files</Filter>
    </ClInclude>
    <ClInclude Include="vendor\JoltPhysics-master\Jolt\Physics\Ragdoll\Ragdoll.h">
      <Filter>Header Files</Filter>
    </ClInclude>
    <ClInclude Include="vendor\JoltPhysics-master\Jolt\Physics\SoftBody\SoftBodyContactListener.h">
      <Filter>Header Files</Filter>
    </ClInclude>
    <ClInclude Include="vendor\JoltPhysics-master\Jolt\Physics\SoftBody\SoftBodyCreationSettings.h">
      <Filter>Header Files</Filter>
    </ClInclude>
    <ClInclude Include="vendor\JoltPhysics-master\Jolt\Physics\SoftBody\SoftBodyManifold.h">
      <Filter>Header Files</Filter>
    </ClInclude>
    <ClInclude Include="vendor\JoltPhysics-master\Jolt\Physics\SoftBody\SoftBodyMotionProperties.h">
      <Filter>Header Files</Filter>
    </ClInclude>
    <ClInclude Include="vendor\JoltPhysics-master\Jolt\Physics\SoftBody\SoftBodyShape.h">
      <Filter>Header Files</Filter>
    </ClInclude>
    <ClInclude Include="vendor\JoltPhysics-master\Jolt\Physics\SoftBody\SoftBodySharedSettings.h">
      <Filter>Header Files</Filter>
    </ClInclude>
    <ClInclude Include="vendor\JoltPhysics-master\Jolt\Physics\SoftBody\SoftBodyUpdateContext.h">
      <Filter>Header Files</Filter>
    </ClInclude>
    <ClInclude Include="vendor\JoltPhysics-master\Jolt\Physics\SoftBody\SoftBodyVertex.h">
      <Filter>Header Files</Filter>
    </ClInclude>
    <ClInclude Include="vendor\JoltPhysics-master\Jolt\Physics\Vehicle\MotorcycleController.h">
      <Filter>Header Files</Filter>
    </ClInclude>
    <ClInclude Include="vendor\JoltPhysics-master\Jolt\Physics\Vehicle\TrackedVehicleController.h">
      <Filter>Header Files</Filter>
    </ClInclude>
    <ClInclude Include="vendor\JoltPhysics-master\Jolt\Physics\Vehicle\VehicleAntiRollBar.h">
      <Filter>Header Files</Filter>
    </ClInclude>
    <ClInclude Include="vendor\JoltPhysics-master\Jolt\Physics\Vehicle\VehicleCollisionTester.h">
      <Filter>Header Files</Filter>
    </ClInclude>
    <ClInclude Include="vendor\JoltPhysics-master\Jolt\Physics\Vehicle\VehicleConstraint.h">
      <Filter>Header Files</Filter>
    </ClInclude>
    <ClInclude Include="vendor\JoltPhysics-master\Jolt\Physics\Vehicle\VehicleController.h">
      <Filter>Header Files</Filter>
    </ClInclude>
    <ClInclude Include="vendor\JoltPhysics-master\Jolt\Physics\Vehicle\VehicleDifferential.h">
      <Filter>Header Files</Filter>
    </ClInclude>
    <ClInclude Include="vendor\JoltPhysics-master\Jolt\Physics\Vehicle\VehicleEngine.h">
      <Filter>Header Files</Filter>
    </ClInclude>
    <ClInclude Include="vendor\JoltPhysics-master\Jolt\Physics\Vehicle\VehicleTrack.h">
      <Filter>Header Files</Filter>
    </ClInclude>
    <ClInclude Include="vendor\JoltPhysics-master\Jolt\Physics\Vehicle\VehicleTransmission.h">
      <Filter>Header Files</Filter>
    </ClInclude>
    <ClInclude Include="vendor\JoltPhysics-master\Jolt\Physics\Vehicle\Wheel.h">
      <Filter>Header Files</Filter>
    </ClInclude>
    <ClInclude Include="vendor\JoltPhysics-master\Jolt\Physics\Vehicle\WheeledVehicleController.h">
      <Filter>Header Files</Filter>
    </ClInclude>
    <ClInclude Include="vendor\JoltPhysics-master\Jolt\Physics\DeterminismLog.h">
      <Filter>Header Files</Filter>
    </ClInclude>
    <ClInclude Include="vendor\JoltPhysics-master\Jolt\Physics\EActivation.h">
      <Filter>Header Files</Filter>
    </ClInclude>
    <ClInclude Include="vendor\JoltPhysics-master\Jolt\Physics\EPhysicsUpdateError.h">
      <Filter>Header Files</Filter>
    </ClInclude>
    <ClInclude Include="vendor\JoltPhysics-master\Jolt\Physics\IslandBuilder.h">
      <Filter>Header Files</Filter>
    </ClInclude>
    <ClInclude Include="vendor\JoltPhysics-master\Jolt\Physics\LargeIslandSplitter.h">
      <Filter>Header Files</Filter>
    </ClInclude>
    <ClInclude Include="vendor\JoltPhysics-master\Jolt\Physics\PhysicsLock.h">
      <Filter>Header Files</Filter>
    </ClInclude>
    <ClInclude Include="vendor\JoltPhysics-master\Jolt\Physics\PhysicsScene.h">
      <Filter>Header Files</Filter>
    </ClInclude>
    <ClInclude Include="vendor\JoltPhysics-master\Jolt\Physics\PhysicsSettings.h">
      <Filter>Header Files</Filter>
    </ClInclude>
    <ClInclude Include="vendor\JoltPhysics-master\Jolt\Physics\PhysicsStepListener.h">
      <Filter>Header Files</Filter>
    </ClInclude>
    <ClInclude Include="vendor\JoltPhysics-master\Jolt\Physics\PhysicsSystem.h">
      <Filter>Header Files</Filter>
    </ClInclude>
    <ClInclude Include="vendor\JoltPhysics-master\Jolt\Physics\PhysicsUpdateContext.h">
      <Filter>Header Files</Filter>
    </ClInclude>
    <ClInclude Include="vendor\JoltPhysics-master\Jolt\Physics\StateRecorder.h">
      <Filter>Header Files</Filter>
    </ClInclude>
    <ClInclude Include="vendor\JoltPhysics-master\Jolt\Physics\StateRecorderImpl.h">
      <Filter>Header Files</Filter>
    </ClInclude>
    <ClInclude Include="vendor\JoltPhysics-master\Jolt\ObjectStream\GetPrimitiveTypeOfType.h">
      <Filter>Header Files</Filter>
    </ClInclude>
    <ClInclude Include="vendor\JoltPhysics-master\Jolt\ObjectStream\ObjectStream.h">
      <Filter>Header Files</Filter>
    </ClInclude>
    <ClInclude Include="vendor\JoltPhysics-master\Jolt\ObjectStream\ObjectStreamBinaryIn.h">
      <Filter>Header Files</Filter>
    </ClInclude>
    <ClInclude Include="vendor\JoltPhysics-master\Jolt\ObjectStream\ObjectStreamBinaryOut.h">
      <Filter>Header Files</Filter>
    </ClInclude>
    <ClInclude Include="vendor\JoltPhysics-master\Jolt\ObjectStream\ObjectStreamIn.h">
      <Filter>Header Files</Filter>
    </ClInclude>
    <ClInclude Include="vendor\JoltPhysics-master\Jolt\ObjectStream\ObjectStreamOut.h">
      <Filter>Header Files</Filter>
    </ClInclude>
    <ClInclude Include="vendor\JoltPhysics-master\Jolt\ObjectStream\ObjectStreamTextIn.h">
      <Filter>Header Files</Filter>
    </ClInclude>
    <ClInclude Include="vendor\JoltPhysics-master\Jolt\ObjectStream\ObjectStreamTextOut.h">
      <Filter>Header Files</Filter>
    </ClInclude>
    <ClInclude Include="vendor\JoltPhysics-master\Jolt\ObjectStream\ObjectStreamTypes.h">
      <Filter>Header Files</Filter>
    </ClInclude>
    <ClInclude Include="vendor\JoltPhysics-master\Jolt\ObjectStream\SerializableAttribute.h">
      <Filter>Header Files</Filter>
    </ClInclude>
    <ClInclude Include="vendor\JoltPhysics-master\Jolt\ObjectStream\SerializableAttributeEnum.h">
      <Filter>Header Files</Filter>
    </ClInclude>
    <ClInclude Include="vendor\JoltPhysics-master\Jolt\ObjectStream\SerializableAttributeTyped.h">
      <Filter>Header Files</Filter>
    </ClInclude>
    <ClInclude Include="vendor\JoltPhysics-master\Jolt\ObjectStream\SerializableObject.h">
      <Filter>Header Files</Filter>
    </ClInclude>
    <ClInclude Include="vendor\JoltPhysics-master\Jolt\ObjectStream\TypeDeclarations.h">
      <Filter>Header Files</Filter>
    </ClInclude>
    <ClInclude Include="vendor\JoltPhysics-master\Jolt\AABBTree\NodeCodec\NodeCodecQuadTreeHalfFloat.h">
      <Filter>Header Files</Filter>
    </ClInclude>
    <ClInclude Include="vendor\JoltPhysics-master\Jolt\AABBTree\TriangleCodec\TriangleCodecIndexed8BitPackSOA4Flags.h">
      <Filter>Header Files</Filter>
    </ClInclude>
    <ClInclude Include="vendor\JoltPhysics-master\Jolt\AABBTree\AABBTreeBuilder.h">
      <Filter>Header Files</Filter>
    </ClInclude>
    <ClInclude Include="vendor\JoltPhysics-master\Jolt\AABBTree\AABBTreeToBuffer.h">
      <Filter>Header Files</Filter>
    </ClInclude>
    <ClInclude Include="vendor\JoltPhysics-master\Jolt\Compute\CPU\ComputeBufferCPU.h">
      <Filter>Header Files</Filter>
    </ClInclude>
    <ClInclude Include="vendor\JoltPhysics-master\Jolt\Compute\CPU\ComputeQueueCPU.h">
      <Filter>Header Files</Filter>
    </ClInclude>
    <ClInclude Include="vendor\JoltPhysics-master\Jolt\Compute\CPU\ComputeShaderCPU.h">
      <Filter>Header Files</Filter>
    </ClInclude>
    <ClInclude Include="vendor\JoltPhysics-master\Jolt\Compute\CPU\ComputeSystemCPU.h">
      <Filter>Header Files</Filter>
    </ClInclude>
    <ClInclude Include="vendor\JoltPhysics-master\Jolt\Compute\CPU\HLSLToCPP.h">
      <Filter>Header Files</Filter>
    </ClInclude>
    <ClInclude Include="vendor\JoltPhysics-master\Jolt\Compute\CPU\ShaderWrapper.h">
      <Filter>Header Files</Filter>
    </ClInclude>
    <ClInclude Include="vendor\JoltPhysics-master\Jolt\Compute\CPU\WrapShaderBegin.h">
      <Filter>Header Files</Filter>
    </ClInclude>
    <ClInclude Include="vendor\JoltPhysics-master\Jolt\Compute\CPU\WrapShaderBindings.h">
      <Filter>Header Files</Filter>
    </ClInclude>
    <ClInclude Include="vendor\JoltPhysics-master\Jolt\Compute\CPU\WrapShaderEnd.h">
      <Filter>Header Files</Filter>
    </ClInclude>
    <ClInclude Include="vendor\JoltPhysics-master\Jolt\Compute\DX12\ComputeBufferDX12.h">
      <Filter>Header Files</Filter>
    </ClInclude>
    <ClInclude Include="vendor\JoltPhysics-master\Jolt\Compute\DX12\ComputeQueueDX12.h">
      <Filter>Header Files</Filter>
    </ClInclude>
    <ClInclude Include="vendor\JoltPhysics-master\Jolt\Compute\DX12\ComputeShaderDX12.h">
      <Filter>Header Files</Filter>
    </ClInclude>
    <ClInclude Include="vendor\JoltPhysics-master\Jolt\Compute\DX12\ComputeSystemDX12.h">
      <Filter>Header Files</Filter>
    </ClInclude>
    <ClInclude Include="vendor\JoltPhysics-master\Jolt\Compute\DX12\ComputeSystemDX12Impl.h">
      <Filter>Header Files</Filter>
    </ClInclude>
    <ClInclude Include="vendor\JoltPhysics-master\Jolt\Compute\DX12\IncludeDX12.h">
      <Filter>Header Files</Filter>
    </ClInclude>
    <ClInclude Include="vendor\JoltPhysics-master\Jolt\Compute\MTL\ComputeBufferMTL.h">
      <Filter>Header Files</Filter>
    </ClInclude>
    <ClInclude Include="vendor\JoltPhysics-master\Jolt\Compute\MTL\ComputeQueueMTL.h">
      <Filter>Header Files</Filter>
    </ClInclude>
    <ClInclude Include="vendor\JoltPhysics-master\Jolt\Compute\MTL\ComputeShaderMTL.h">
      <Filter>Header Files</Filter>
    </ClInclude>
    <ClInclude Include="vendor\JoltPhysics-master\Jolt\Compute\MTL\ComputeSystemMTL.h">
      <Filter>Header Files</Filter>
    </ClInclude>
    <ClInclude Include="vendor\JoltPhysics-master\Jolt\Compute\MTL\ComputeSystemMTLImpl.h">
      <Filter>Header Files</Filter>
    </ClInclude>
    <ClInclude Include="vendor\JoltPhysics-master\Jolt\Compute\VK\BufferVK.h">
      <Filter>Header Files</Filter>
    </ClInclude>
    <ClInclude Include="vendor\JoltPhysics-master\Jolt\Compute\VK\ComputeBufferVK.h">
      <Filter>Header Files</Filter>
    </ClInclude>
    <ClInclude Include="vendor\JoltPhysics-master\Jolt\Compute\VK\ComputeQueueVK.h">
      <Filter>Header Files</Filter>
    </ClInclude>
    <ClInclude Include="vendor\JoltPhysics-master\Jolt\Compute\VK\ComputeShaderVK.h">
      <Filter>Header Files</Filter>
    </ClInclude>
    <ClInclude Include="vendor\JoltPhysics-master\Jolt\Compute\VK\ComputeSystemVK.h">
      <Filter>Header Files</Filter>
    </ClInclude>
    <ClInclude Include="vendor\JoltPhysics-master\Jolt\Compute\VK\ComputeSystemVKImpl.h">
      <Filter>Header Files</Filter>
    </ClInclude>
    <ClInclude Include="vendor\JoltPhysics-master\Jolt\Compute\VK\ComputeSystemVKWithAllocator.h">
      <Filter>Header Files</Filter>
    </ClInclude>
    <ClInclude Include="vendor\JoltPhysics-master\Jolt\Compute\VK\IncludeVK.h">
      <Filter>Header Files</Filter>
    </ClInclude>
    <ClInclude Include="vendor\JoltPhysics-master\Jolt\Compute\ComputeBuffer.h">
      <Filter>Header Files</Filter>
    </ClInclude>
    <ClInclude Include="vendor\JoltPhysics-master\Jolt\Compute\ComputeQueue.h">
      <Filter>Header Files</Filter>
    </ClInclude>
    <ClInclude Include="vendor\JoltPhysics-master\Jolt\Compute\ComputeShader.h">
      <Filter>Header Files</Filter>
    </ClInclude>
    <ClInclude Include="vendor\JoltPhysics-master\Jolt\Compute\ComputeSystem.h">
      <Filter>Header Files</Filter>
    </ClInclude>
    <ClInclude Include="vendor\JoltPhysics-master\Jolt\Core\ARMNeon.h">
      <Filter>Header Files</Filter>
    </ClInclude>
    <ClInclude Include="vendor\JoltPhysics-master\Jolt\Core\Array.h">
      <Filter>Header Files</Filter>
    </ClInclude>
    <ClInclude Include="vendor\JoltPhysics-master\Jolt\Core\Atomics.h">
      <Filter>Header Files</Filter>
    </ClInclude>
    <ClInclude Include="vendor\JoltPhysics-master\Jolt\Core\BinaryHeap.h">
      <Filter>Header Files</Filter>
    </ClInclude>
    <ClInclude Include="vendor\JoltPhysics-master\Jolt\Core\ByteBuffer.h">
      <Filter>Header Files</Filter>
    </ClInclude>
    <ClInclude Include="vendor\JoltPhysics-master\Jolt\Core\Color.h">
      <Filter>Header Files</Filter>
    </ClInclude>
    <ClInclude Include="vendor\JoltPhysics-master\Jolt\Core\Core.h">
      <Filter>Header Files</Filter>
    </ClInclude>
    <ClInclude Include="vendor\JoltPhysics-master\Jolt\Core\Factory.h">
      <Filter>Header Files</Filter>
    </ClInclude>
    <ClInclude Include="vendor\JoltPhysics-master\Jolt\Core\FixedSizeFreeList.h">
      <Filter>Header Files</Filter>
    </ClInclude>
    <ClInclude Include="vendor\JoltPhysics-master\Jolt\Core\FPControlWord.h">
      <Filter>Header Files</Filter>
    </ClInclude>
    <ClInclude Include="vendor\JoltPhysics-master\Jolt\Core\FPException.h">
      <Filter>Header Files</Filter>
    </ClInclude>
    <ClInclude Include="vendor\JoltPhysics-master\Jolt\Core\FPFlushDenormals.h">
      <Filter>Header Files</Filter>
    </ClInclude>
    <ClInclude Include="vendor\JoltPhysics-master\Jolt\Core\HashCombine.h">
      <Filter>Header Files</Filter>
    </ClInclude>
    <ClInclude Include="vendor\JoltPhysics-master\Jolt\Core\HashTable.h">
      <Filter>Header Files</Filter>
    </ClInclude>
    <ClInclude Include="vendor\JoltPhysics-master\Jolt\Core\IncludeWindows.h">
      <Filter>Header Files</Filter>
    </ClInclude>
    <ClInclude Include="vendor\JoltPhysics-master\Jolt\Core\InsertionSort.h">
      <Filter>Header Files</Filter>
    </ClInclude>
    <ClInclude Include="vendor\JoltPhysics-master\Jolt\Core\IssueReporting.h">
      <Filter>Header Files</Filter>
    </ClInclude>
    <ClInclude Include="vendor\JoltPhysics-master\Jolt\Core\JobSystem.h">
      <Filter>Header Files</Filter>
    </ClInclude>
    <ClInclude Include="vendor\JoltPhysics-master\Jolt\Core\JobSystemSingleThreaded.h">
      <Filter>Header Files</Filter>
    </ClInclude>
    <ClInclude Include="vendor\JoltPhysics-master\Jolt\Core\JobSystemThreadPool.h">
      <Filter>Header Files</Filter>
    </ClInclude>
    <ClInclude Include="vendor\JoltPhysics-master\Jolt\Core\JobSystemWithBarrier.h">
      <Filter>Header Files</Filter>
    </ClInclude>
    <ClInclude Include="vendor\JoltPhysics-master\Jolt\Core\LinearCurve.h">
      <Filter>Header Files</Filter>
    </ClInclude>
    <ClInclude Include="vendor\JoltPhysics-master\Jolt\Core\LockFreeHashMap.h">
      <Filter>Header Files</Filter>
    </ClInclude>
    <ClInclude Include="vendor\JoltPhysics-master\Jolt\Core\LSANSuppressions.h">
      <Filter>Header Files</Filter>
    </ClInclude>
    <ClInclude Include="vendor\JoltPhysics-master\Jolt\Core\Memory.h">
      <Filter>Header Files</Filter>
    </ClInclude>
    <ClInclude Include="vendor\JoltPhysics-master\Jolt\Core\Mutex.h">
      <Filter>Header Files</Filter>
    </ClInclude>
    <ClInclude Include="vendor\JoltPhysics-master\Jolt\Core\MutexArray.h">
      <Filter>Header Files</Filter>
    </ClInclude>
    <ClInclude Include="vendor\JoltPhysics-master\Jolt\Core\NonCopyable.h">
      <Filter>Header Files</Filter>
    </ClInclude>
    <ClInclude Include="vendor\JoltPhysics-master\Jolt\Core\ObjectToIDMap.h">
      <Filter>Header Files</Filter>
    </ClInclude>
    <ClInclude Include="vendor\JoltPhysics-master\Jolt\Core\Profiler.h">
      <Filter>Header Files</Filter>
    </ClInclude>
    <ClInclude Include="vendor\JoltPhysics-master\Jolt\Core\QuickSort.h">
      <Filter>Header Files</Filter>
    </ClInclude>
    <ClInclude Include="vendor\JoltPhysics-master\Jolt\Core\Reference.h">
      <Filter>Header Files</Filter>
    </ClInclude>
    <ClInclude Include="vendor\JoltPhysics-master\Jolt\Core\Result.h">
      <Filter>Header Files</Filter>
    </ClInclude>
    <ClInclude Include="vendor\JoltPhysics-master\Jolt\Core\RTTI.h">
      <Filter>Header Files</Filter>
    </ClInclude>
    <ClInclude Include="vendor\JoltPhysics-master\Jolt\Core\ScopeExit.h">
      <Filter>Header Files</Filter>
    </ClInclude>
    <ClInclude Include="vendor\JoltPhysics-master\Jolt\Core\Semaphore.h">
      <Filter>Header Files</Filter>
    </ClInclude>
    <ClInclude Include="vendor\JoltPhysics-master\Jolt\Core\StaticArray.h">
      <Filter>Header Files</Filter>
    </ClInclude>
    <ClInclude Include="vendor\JoltPhysics-master\Jolt\Core\STLAlignedAllocator.h">
      <Filter>Header Files</Filter>
    </ClInclude>
    <ClInclude Include="vendor\JoltPhysics-master\Jolt\Core\STLAllocator.h">
      <Filter>Header Files</Filter>
    </ClInclude>
    <ClInclude Include="vendor\JoltPhysics-master\Jolt\Core\STLLocalAllocator.h">
      <Filter>Header Files</Filter>
    </ClInclude>
    <ClInclude Include="vendor\JoltPhysics-master\Jolt\Core\STLTempAllocator.h">
      <Filter>Header Files</Filter>
    </ClInclude>
    <ClInclude Include="vendor\JoltPhysics-master\Jolt\Core\StreamIn.h">
      <Filter>Header Files</Filter>
    </ClInclude>
    <ClInclude Include="vendor\JoltPhysics-master\Jolt\Core\StreamOut.h">
      <Filter>Header Files</Filter>
    </ClInclude>
    <ClInclude Include="vendor\JoltPhysics-master\Jolt\Core\StreamUtils.h">
      <Filter>Header Files</Filter>
    </ClInclude>
    <ClInclude Include="vendor\JoltPhysics-master\Jolt\Core\StreamWrapper.h">
      <Filter>Header Files</Filter>
    </ClInclude>
    <ClInclude Include="vendor\JoltPhysics-master\Jolt\Core\StridedPtr.h">
      <Filter>Header Files</Filter>
    </ClInclude>
    <ClInclude Include="vendor\JoltPhysics-master\Jolt\Core\StringTools.h">
      <Filter>Header Files</Filter>
    </ClInclude>
    <ClInclude Include="vendor\JoltPhysics-master\Jolt\Core\TempAllocator.h">
      <Filter>Header Files</Filter>
    </ClInclude>
    <ClInclude Include="vendor\JoltPhysics-master\Jolt\Core\TickCounter.h">
      <Filter>Header Files</Filter>
    </ClInclude>
    <ClInclude Include="vendor\JoltPhysics-master\Jolt\Core\UnorderedMap.h">
      <Filter>Header Files</Filter>
    </ClInclude>
    <ClInclude Include="vendor\JoltPhysics-master\Jolt\Core\UnorderedMapFwd.h">
      <Filter>Header Files</Filter>
    </ClInclude>
    <ClInclude Include="vendor\JoltPhysics-master\Jolt\Core\UnorderedSet.h">
      <Filter>Header Files</Filter>
    </ClInclude>
    <ClInclude Include="vendor\JoltPhysics-master\Jolt\Core\UnorderedSetFwd.h">
      <Filter>Header Files</Filter>
    </ClInclude>
    <ClInclude Include="vendor\JoltPhysics-master\Jolt\Geometry\AABox.h">
      <Filter>Header Files</Filter>
    </ClInclude>
    <ClInclude Include="vendor\JoltPhysics-master\Jolt\Geometry\AABox4.h">
      <Filter>Header Files</Filter>
    </ClInclude>
    <ClInclude Include="vendor\JoltPhysics-master\Jolt\Geometry\ClipPoly.h">
      <Filter>Header Files</Filter>
    </ClInclude>
    <ClInclude Include="vendor\JoltPhysics-master\Jolt\Geometry\ClosestPoint.h">
      <Filter>Header Files</Filter>
    </ClInclude>
    <ClInclude Include="vendor\JoltPhysics-master\Jolt\Geometry\ConvexHullBuilder.h">
      <Filter>Header Files</Filter>
    </ClInclude>
    <ClInclude Include="vendor\JoltPhysics-master\Jolt\Geometry\ConvexHullBuilder2D.h">
      <Filter>Header Files</Filter>
    </ClInclude>
    <ClInclude Include="vendor\JoltPhysics-master\Jolt\Geometry\ConvexSupport.h">
      <Filter>Header Files</Filter>
    </ClInclude>
    <ClInclude Include="vendor\JoltPhysics-master\Jolt\Geometry\Ellipse.h">
      <Filter>Header Files</Filter>
    </ClInclude>
    <ClInclude Include="vendor\JoltPhysics-master\Jolt\Geometry\EPAConvexHullBuilder.h">
      <Filter>Header Files</Filter>
    </ClInclude>
    <ClInclude Include="vendor\JoltPhysics-master\Jolt\Geometry\EPAPenetrationDepth.h">
      <Filter>Header Files</Filter>
    </ClInclude>
    <ClInclude Include="vendor\JoltPhysics-master\Jolt\Geometry\GJKClosestPoint.h">
      <Filter>Header Files</Filter>
    </ClInclude>
    <ClInclude Include="vendor\JoltPhysics-master\Jolt\Geometry\IndexedTriangle.h">
      <Filter>Header Files</Filter>
    </ClInclude>
    <ClInclude Include="vendor\JoltPhysics-master\Jolt\Geometry\Indexify.h">
      <Filter>Header Files</Filter>
    </ClInclude>
    <ClInclude Include="vendor\JoltPhysics-master\Jolt\Geometry\MortonCode.h">
      <Filter>Header Files</Filter>
    </ClInclude>
    <ClInclude Include="vendor\JoltPhysics-master\Jolt\Geometry\OrientedBox.h">
      <Filter>Header Files</Filter>
    </ClInclude>
    <ClInclude Include="vendor\JoltPhysics-master\Jolt\Geometry\Plane.h">
      <Filter>Header Files</Filter>
    </ClInclude>
    <ClInclude Include="vendor\JoltPhysics-master\Jolt\Geometry\RayAABox.h">
      <Filter>Header Files</Filter>
    </ClInclude>
    <ClInclude Include="vendor\JoltPhysics-master\Jolt\Geometry\RayCapsule.h">
      <Filter>Header Files</Filter>
    </ClInclude>
    <ClInclude Include="vendor\JoltPhysics-master\Jolt\Geometry\RayCylinder.h">
      <Filter>Header Files</Filter>
    </ClInclude>
    <ClInclude Include="vendor\JoltPhysics-master\Jolt\Geometry\RaySphere.h">
      <Filter>Header Files</Filter>
    </ClInclude>
    <ClInclude Include="vendor\JoltPhysics-master\Jolt\Geometry\RayTriangle.h">
      <Filter>Header Files</Filter>
    </ClInclude>
    <ClInclude Include="vendor\JoltPhysics-master\Jolt\Geometry\Sphere.h">
      <Filter>Header Files</Filter>
    </ClInclude>
    <ClInclude Include="vendor\JoltPhysics-master\Jolt\Geometry\Triangle.h">
      <Filter>Header Files</Filter>
    </ClInclude>
    <ClInclude Include="vendor\JoltPhysics-master\Jolt\Math\BVec16.h">
      <Filter>Header Files</Filter>
    </ClInclude>
    <ClInclude Include="vendor\JoltPhysics-master\Jolt\Math\DMat44.h">
      <Filter>Header Files</Filter>
    </ClInclude>
    <ClInclude Include="vendor\JoltPhysics-master\Jolt\Math\Double3.h">
      <Filter>Header Files</Filter>
    </ClInclude>
    <ClInclude Include="vendor\JoltPhysics-master\Jolt\Math\DVec3.h">
      <Filter>Header Files</Filter>
    </ClInclude>
    <ClInclude Include="vendor\JoltPhysics-master\Jolt\Math\DynMatrix.h">
      <Filter>Header Files</Filter>
    </ClInclude>
    <ClInclude Include="vendor\JoltPhysics-master\Jolt\Math\EigenValueSymmetric.h">
      <Filter>Header Files</Filter>
    </ClInclude>
    <ClInclude Include="vendor\JoltPhysics-master\Jolt\Math\FindRoot.h">
      <Filter>Header Files</Filter>
    </ClInclude>
    <ClInclude Include="vendor\JoltPhysics-master\Jolt\Math\Float2.h">
      <Filter>Header Files</Filter>
    </ClInclude>
    <ClInclude Include="vendor\JoltPhysics-master\Jolt\Math\Float3.h">
      <Filter>Header Files</Filter>
    </ClInclude>
    <ClInclude Include="vendor\JoltPhysics-master\Jolt\Math\Float4.h">
      <Filter>Header Files</Filter>
    </ClInclude>
    <ClInclude Include="vendor\JoltPhysics-master\Jolt\Math\GaussianElimination.h">
      <Filter>Header Files</Filter>
    </ClInclude>
    <ClInclude Include="vendor\JoltPhysics-master\Jolt\Math\HalfFloat.h">
      <Filter>Header Files</Filter>
    </ClInclude>
    <ClInclude Include="vendor\JoltPhysics-master\Jolt\Math\Mat44.h">
      <Filter>Header Files</Filter>
    </ClInclude>
    <ClInclude Include="vendor\JoltPhysics-master\Jolt\Math\Math.h">
      <Filter>Header Files</Filter>
    </ClInclude>
    <ClInclude Include="vendor\JoltPhysics-master\Jolt\Math\MathTypes.h">
      <Filter>Header Files</Filter>
    </ClInclude>
    <ClInclude Include="vendor\JoltPhysics-master\Jolt\Math\Matrix.h">
      <Filter>Header Files</Filter>
    </ClInclude>
    <ClInclude Include="vendor\JoltPhysics-master\Jolt\Math\Quat.h">
      <Filter>Header Files</Filter>
    </ClInclude>
    <ClInclude Include="vendor\JoltPhysics-master\Jolt\Math\Real.h">
      <Filter>Header Files</Filter>
    </ClInclude>
    <ClInclude Include="vendor\JoltPhysics-master\Jolt\Math\Swizzle.h">
      <Filter>Header Files</Filter>
    </ClInclude>
    <ClInclude Include="vendor\JoltPhysics-master\Jolt\Math\Trigonometry.h">
      <Filter>Header Files</Filter>
    </ClInclude>
    <ClInclude Include="vendor\JoltPhysics-master\Jolt\Math\UVec4.h">
      <Filter>Header Files</Filter>
    </ClInclude>
    <ClInclude Include="vendor\JoltPhysics-master\Jolt\Math\Vec3.h">
      <Filter>Header Files</Filter>
    </ClInclude>
    <ClInclude Include="vendor\JoltPhysics-master\Jolt\Math\Vec4.h">
      <Filter>Header Files</Filter>
    </ClInclude>
    <ClInclude Include="vendor\JoltPhysics-master\Jolt\Math\Vector.h">
      <Filter>Header Files</Filter>
    </ClInclude>
    <ClInclude Include="vendor\JoltPhysics-master\Jolt\Renderer\DebugRenderer.h">
      <Filter>Header Files</Filter>
    </ClInclude>
    <ClInclude Include="vendor\JoltPhysics-master\Jolt\Renderer\DebugRendererPlayback.h">
      <Filter>Header Files</Filter>
    </ClInclude>
    <ClInclude Include="vendor\JoltPhysics-master\Jolt\Renderer\DebugRendererRecorder.h">
      <Filter>Header Files</Filter>
    </ClInclude>
    <ClInclude Include="vendor\JoltPhysics-master\Jolt\Renderer\DebugRendererSimple.h">
      <Filter>Header Files</Filter>
    </ClInclude>
  </ItemGroup>
  <ItemGroup>
    <None Include="Engine\ShaderFiles\basic.vs" />
    <None Include="Engine\ShaderFiles\basic.frag" />
    <None Include="vendor\JoltPhysics-master\Jolt\Jolt.cmake" />
    <None Include="vendor\JoltPhysics-master\Jolt\Physics\Body\Body.inl">
      <Filter>Header Files</Filter>
    </None>
    <None Include="vendor\JoltPhysics-master\Jolt\Physics\Body\MotionProperties.inl">
      <Filter>Header Files</Filter>
    </None>
    <None Include="vendor\JoltPhysics-master\Jolt\Core\FixedSizeFreeList.inl">
      <Filter>Header Files</Filter>
    </None>
    <None Include="vendor\JoltPhysics-master\Jolt\Core\JobSystem.inl">
      <Filter>Header Files</Filter>
    </None>
    <None Include="vendor\JoltPhysics-master\Jolt\Core\LockFreeHashMap.inl">
      <Filter>Header Files</Filter>
    </None>
    <None Include="vendor\JoltPhysics-master\Jolt\Core\Profiler.inl">
      <Filter>Header Files</Filter>
    </None>
    <None Include="vendor\JoltPhysics-master\Jolt\Math\BVec16.inl">
      <Filter>Header Files</Filter>
    </None>
    <None Include="vendor\JoltPhysics-master\Jolt\Math\DMat44.inl">
      <Filter>Header Files</Filter>
    </None>
    <None Include="vendor\JoltPhysics-master\Jolt\Math\DVec3.inl">
      <Filter>Header Files</Filter>
    </None>
    <None Include="vendor\JoltPhysics-master\Jolt\Math\Mat44.inl">
      <Filter>Header Files</Filter>
    </None>
    <None Include="vendor\JoltPhysics-master\Jolt\Math\Quat.inl">
      <Filter>Header Files</Filter>
    </None>
    <None Include="vendor\JoltPhysics-master\Jolt\Math\UVec4.inl">
      <Filter>Header Files</Filter>
    </None>
    <None Include="vendor\JoltPhysics-master\Jolt\Math\Vec3.inl">
      <Filter>Header Files</Filter>
    </None>
    <None Include="vendor\JoltPhysics-master\Jolt\Math\Vec4.inl">
      <Filter>Header Files</Filter>
    </None>
    <None Include="Engine\Core\Control\versions.json" />
  </ItemGroup>
  <ItemGroup>
    <Natvis Include="vendor\JoltPhysics-master\Jolt\Jolt.natvis" />
  </ItemGroup>
</Project>